// !$*UTF8*$!
{
	archiveVersion = 1;
	classes = {
	};
	objectVersion = 46;
	objects = {

/* Begin PBXBuildFile section */
		7512E4F81C3F6696003C8AC3 /* main.m in Sources */ = {isa = PBXBuildFile; fileRef = 7512E4F71C3F6696003C8AC3 /* main.m */; };
		7512E4FB1C3F6696003C8AC3 /* AppDelegate.m in Sources */ = {isa = PBXBuildFile; fileRef = 7512E4FA1C3F6696003C8AC3 /* AppDelegate.m */; };
		7512E4FE1C3F6696003C8AC3 /* ViewController.m in Sources */ = {isa = PBXBuildFile; fileRef = 7512E4FD1C3F6696003C8AC3 /* ViewController.m */; };
		7512E5011C3F6696003C8AC3 /* Main.storyboard in Resources */ = {isa = PBXBuildFile; fileRef = 7512E4FF1C3F6696003C8AC3 /* Main.storyboard */; };
		7512E5031C3F6696003C8AC3 /* Assets.xcassets in Resources */ = {isa = PBXBuildFile; fileRef = 7512E5021C3F6696003C8AC3 /* Assets.xcassets */; };
		7512E5061C3F6696003C8AC3 /* LaunchScreen.storyboard in Resources */ = {isa = PBXBuildFile; fileRef = 7512E5041C3F6696003C8AC3 /* LaunchScreen.storyboard */; };
		7512E5111C3F6696003C8AC3 /* JYangTests.m in Sources */ = {isa = PBXBuildFile; fileRef = 7512E5101C3F6696003C8AC3 /* JYangTests.m */; };
		7512E51C1C3F6696003C8AC3 /* JYangUITests.m in Sources */ = {isa = PBXBuildFile; fileRef = 7512E51B1C3F6696003C8AC3 /* JYangUITests.m */; };
/* End PBXBuildFile section */

/* Begin PBXContainerItemProxy section */
		7512E50D1C3F6696003C8AC3 /* PBXContainerItemProxy */ = {
			isa = PBXContainerItemProxy;
			containerPortal = 7512E4EB1C3F6696003C8AC3 /* Project object */;
			proxyType = 1;
			remoteGlobalIDString = 7512E4F21C3F6696003C8AC3;
			remoteInfo = JYang;
		};
		7512E5181C3F6696003C8AC3 /* PBXContainerItemProxy */ = {
			isa = PBXContainerItemProxy;
			containerPortal = 7512E4EB1C3F6696003C8AC3 /* Project object */;
			proxyType = 1;
			remoteGlobalIDString = 7512E4F21C3F6696003C8AC3;
			remoteInfo = JYang;
		};
/* End PBXContainerItemProxy section */

/* Begin PBXFileReference section */
		7512E4F31C3F6696003C8AC3 /* JYang.app */ = {isa = PBXFileReference; explicitFileType = wrapper.application; includeInIndex = 0; path = JYang.app; sourceTree = BUILT_PRODUCTS_DIR; };
		7512E4F71C3F6696003C8AC3 /* main.m */ = {isa = PBXFileReference; lastKnownFileType = sourcecode.c.objc; path = main.m; sourceTree = "<group>"; };
		7512E4F91C3F6696003C8AC3 /* AppDelegate.h */ = {isa = PBXFileReference; lastKnownFileType = sourcecode.c.h; path = AppDelegate.h; sourceTree = "<group>"; };
		7512E4FA1C3F6696003C8AC3 /* AppDelegate.m */ = {isa = PBXFileReference; lastKnownFileType = sourcecode.c.objc; path = AppDelegate.m; sourceTree = "<group>"; };
		7512E4FC1C3F6696003C8AC3 /* ViewController.h */ = {isa = PBXFileReference; lastKnownFileType = sourcecode.c.h; path = ViewController.h; sourceTree = "<group>"; };
		7512E4FD1C3F6696003C8AC3 /* ViewController.m */ = {isa = PBXFileReference; lastKnownFileType = sourcecode.c.objc; path = ViewController.m; sourceTree = "<group>"; };
		7512E5001C3F6696003C8AC3 /* Base */ = {isa = PBXFileReference; lastKnownFileType = file.storyboard; name = Base; path = Base.lproj/Main.storyboard; sourceTree = "<group>"; };
		7512E5021C3F6696003C8AC3 /* Assets.xcassets */ = {isa = PBXFileReference; lastKnownFileType = folder.assetcatalog; path = Assets.xcassets; sourceTree = "<group>"; };
		7512E5051C3F6696003C8AC3 /* Base */ = {isa = PBXFileReference; lastKnownFileType = file.storyboard; name = Base; path = Base.lproj/LaunchScreen.storyboard; sourceTree = "<group>"; };
		7512E5071C3F6696003C8AC3 /* Info.plist */ = {isa = PBXFileReference; lastKnownFileType = text.plist.xml; path = Info.plist; sourceTree = "<group>"; };
		7512E50C1C3F6696003C8AC3 /* JYangTests.xctest */ = {isa = PBXFileReference; explicitFileType = wrapper.cfbundle; includeInIndex = 0; path = JYangTests.xctest; sourceTree = BUILT_PRODUCTS_DIR; };
		7512E5101C3F6696003C8AC3 /* JYangTests.m */ = {isa = PBXFileReference; lastKnownFileType = sourcecode.c.objc; path = JYangTests.m; sourceTree = "<group>"; };
		7512E5121C3F6696003C8AC3 /* Info.plist */ = {isa = PBXFileReference; lastKnownFileType = text.plist.xml; path = Info.plist; sourceTree = "<group>"; };
		7512E5171C3F6696003C8AC3 /* JYangUITests.xctest */ = {isa = PBXFileReference; explicitFileType = wrapper.cfbundle; includeInIndex = 0; path = JYangUITests.xctest; sourceTree = BUILT_PRODUCTS_DIR; };
		7512E51B1C3F6696003C8AC3 /* JYangUITests.m */ = {isa = PBXFileReference; lastKnownFileType = sourcecode.c.objc; path = JYangUITests.m; sourceTree = "<group>"; };
		7512E51D1C3F6696003C8AC3 /* Info.plist */ = {isa = PBXFileReference; lastKnownFileType = text.plist.xml; path = Info.plist; sourceTree = "<group>"; };
/* End PBXFileReference section */

/* Begin PBXFrameworksBuildPhase section */
		7512E4F01C3F6696003C8AC3 /* Frameworks */ = {
			isa = PBXFrameworksBuildPhase;
			buildActionMask = 2147483647;
			files = (
			);
			runOnlyForDeploymentPostprocessing = 0;
		};
		7512E5091C3F6696003C8AC3 /* Frameworks */ = {
			isa = PBXFrameworksBuildPhase;
			buildActionMask = 2147483647;
			files = (
			);
			runOnlyForDeploymentPostprocessing = 0;
		};
		7512E5141C3F6696003C8AC3 /* Frameworks */ = {
			isa = PBXFrameworksBuildPhase;
			buildActionMask = 2147483647;
			files = (
			);
			runOnlyForDeploymentPostprocessing = 0;
		};
/* End PBXFrameworksBuildPhase section */

/* Begin PBXGroup section */
		7512E4EA1C3F6696003C8AC3 = {
			isa = PBXGroup;
			children = (
				7512E4F51C3F6696003C8AC3 /* JYang */,
				7512E50F1C3F6696003C8AC3 /* JYangTests */,
				7512E51A1C3F6696003C8AC3 /* JYangUITests */,
				7512E4F41C3F6696003C8AC3 /* Products */,
			);
			sourceTree = "<group>";
		};
		7512E4F41C3F6696003C8AC3 /* Products */ = {
			isa = PBXGroup;
			children = (
				7512E4F31C3F6696003C8AC3 /* JYang.app */,
				7512E50C1C3F6696003C8AC3 /* JYangTests.xctest */,
				7512E5171C3F6696003C8AC3 /* JYangUITests.xctest */,
			);
			name = Products;
			sourceTree = "<group>";
		};
		7512E4F51C3F6696003C8AC3 /* JYang */ = {
			isa = PBXGroup;
			children = (
				7512E4F91C3F6696003C8AC3 /* AppDelegate.h */,
				7512E4FA1C3F6696003C8AC3 /* AppDelegate.m */,
				7512E4FC1C3F6696003C8AC3 /* ViewController.h */,
				7512E4FD1C3F6696003C8AC3 /* ViewController.m */,
				7512E4FF1C3F6696003C8AC3 /* Main.storyboard */,
				7512E5021C3F6696003C8AC3 /* Assets.xcassets */,
				7512E5041C3F6696003C8AC3 /* LaunchScreen.storyboard */,
				7512E5071C3F6696003C8AC3 /* Info.plist */,
				7512E4F61C3F6696003C8AC3 /* Supporting Files */,
			);
			path = JYang;
			sourceTree = "<group>";
		};
		7512E4F61C3F6696003C8AC3 /* Supporting Files */ = {
			isa = PBXGroup;
			children = (
				7512E4F71C3F6696003C8AC3 /* main.m */,
			);
			name = "Supporting Files";
			sourceTree = "<group>";
		};
		7512E50F1C3F6696003C8AC3 /* JYangTests */ = {
			isa = PBXGroup;
			children = (
				7512E5101C3F6696003C8AC3 /* JYangTests.m */,
				7512E5121C3F6696003C8AC3 /* Info.plist */,
			);
			path = JYangTests;
			sourceTree = "<group>";
		};
		7512E51A1C3F6696003C8AC3 /* JYangUITests */ = {
			isa = PBXGroup;
			children = (
				7512E51B1C3F6696003C8AC3 /* JYangUITests.m */,
				7512E51D1C3F6696003C8AC3 /* Info.plist */,
			);
			path = JYangUITests;
			sourceTree = "<group>";
		};
/* End PBXGroup section */

/* Begin PBXNativeTarget section */
		7512E4F21C3F6696003C8AC3 /* JYang */ = {
			isa = PBXNativeTarget;
			buildConfigurationList = 7512E5201C3F6696003C8AC3 /* Build configuration list for PBXNativeTarget "JYang" */;
			buildPhases = (
				7512E4EF1C3F6696003C8AC3 /* Sources */,
				7512E4F01C3F6696003C8AC3 /* Frameworks */,
				7512E4F11C3F6696003C8AC3 /* Resources */,
			);
			buildRules = (
			);
			dependencies = (
			);
			name = JYang;
			productName = JYang;
			productReference = 7512E4F31C3F6696003C8AC3 /* JYang.app */;
			productType = "com.apple.product-type.application";
		};
		7512E50B1C3F6696003C8AC3 /* JYangTests */ = {
			isa = PBXNativeTarget;
			buildConfigurationList = 7512E5231C3F6696003C8AC3 /* Build configuration list for PBXNativeTarget "JYangTests" */;
			buildPhases = (
				7512E5081C3F6696003C8AC3 /* Sources */,
				7512E5091C3F6696003C8AC3 /* Frameworks */,
				7512E50A1C3F6696003C8AC3 /* Resources */,
			);
			buildRules = (
			);
			dependencies = (
				7512E50E1C3F6696003C8AC3 /* PBXTargetDependency */,
			);
			name = JYangTests;
			productName = JYangTests;
			productReference = 7512E50C1C3F6696003C8AC3 /* JYangTests.xctest */;
			productType = "com.apple.product-type.bundle.unit-test";
		};
		7512E5161C3F6696003C8AC3 /* JYangUITests */ = {
			isa = PBXNativeTarget;
			buildConfigurationList = 7512E5261C3F6696003C8AC3 /* Build configuration list for PBXNativeTarget "JYangUITests" */;
			buildPhases = (
				7512E5131C3F6696003C8AC3 /* Sources */,
				7512E5141C3F6696003C8AC3 /* Frameworks */,
				7512E5151C3F6696003C8AC3 /* Resources */,
			);
			buildRules = (
			);
			dependencies = (
				7512E5191C3F6696003C8AC3 /* PBXTargetDependency */,
			);
			name = JYangUITests;
			productName = JYangUITests;
			productReference = 7512E5171C3F6696003C8AC3 /* JYangUITests.xctest */;
			productType = "com.apple.product-type.bundle.ui-testing";
		};
/* End PBXNativeTarget section */

/* Begin PBXProject section */
		7512E4EB1C3F6696003C8AC3 /* Project object */ = {
			isa = PBXProject;
			attributes = {
				LastUpgradeCheck = 0720;
				ORGANIZATIONNAME = kaicaibao;
				TargetAttributes = {
					7512E4F21C3F6696003C8AC3 = {
						CreatedOnToolsVersion = 7.2;
						DevelopmentTeam = 37KP3DLDCP;
					};
					7512E50B1C3F6696003C8AC3 = {
						CreatedOnToolsVersion = 7.2;
						DevelopmentTeam = 37KP3DLDCP;
						TestTargetID = 7512E4F21C3F6696003C8AC3;
					};
					7512E5161C3F6696003C8AC3 = {
						CreatedOnToolsVersion = 7.2;
						DevelopmentTeam = 37KP3DLDCP;
						TestTargetID = 7512E4F21C3F6696003C8AC3;
					};
				};
			};
			buildConfigurationList = 7512E4EE1C3F6696003C8AC3 /* Build configuration list for PBXProject "JYang" */;
			compatibilityVersion = "Xcode 3.2";
			developmentRegion = English;
			hasScannedForEncodings = 0;
			knownRegions = (
				en,
				Base,
			);
			mainGroup = 7512E4EA1C3F6696003C8AC3;
			productRefGroup = 7512E4F41C3F6696003C8AC3 /* Products */;
			projectDirPath = "";
			projectRoot = "";
			targets = (
				7512E4F21C3F6696003C8AC3 /* JYang */,
				7512E50B1C3F6696003C8AC3 /* JYangTests */,
				7512E5161C3F6696003C8AC3 /* JYangUITests */,
			);
		};
/* End PBXProject section */

/* Begin PBXResourcesBuildPhase section */
		7512E4F11C3F6696003C8AC3 /* Resources */ = {
			isa = PBXResourcesBuildPhase;
			buildActionMask = 2147483647;
			files = (
				7512E5061C3F6696003C8AC3 /* LaunchScreen.storyboard in Resources */,
				7512E5031C3F6696003C8AC3 /* Assets.xcassets in Resources */,
				7512E5011C3F6696003C8AC3 /* Main.storyboard in Resources */,
			);
			runOnlyForDeploymentPostprocessing = 0;
		};
		7512E50A1C3F6696003C8AC3 /* Resources */ = {
			isa = PBXResourcesBuildPhase;
			buildActionMask = 2147483647;
			files = (
			);
			runOnlyForDeploymentPostprocessing = 0;
		};
		7512E5151C3F6696003C8AC3 /* Resources */ = {
			isa = PBXResourcesBuildPhase;
			buildActionMask = 2147483647;
			files = (
			);
			runOnlyForDeploymentPostprocessing = 0;
		};
/* End PBXResourcesBuildPhase section */

/* Begin PBXSourcesBuildPhase section */
		7512E4EF1C3F6696003C8AC3 /* Sources */ = {
			isa = PBXSourcesBuildPhase;
			buildActionMask = 2147483647;
			files = (
				7512E4FE1C3F6696003C8AC3 /* ViewController.m in Sources */,
				7512E4FB1C3F6696003C8AC3 /* AppDelegate.m in Sources */,
				7512E4F81C3F6696003C8AC3 /* main.m in Sources */,
			);
			runOnlyForDeploymentPostprocessing = 0;
		};
		7512E5081C3F6696003C8AC3 /* Sources */ = {
			isa = PBXSourcesBuildPhase;
			buildActionMask = 2147483647;
			files = (
				7512E5111C3F6696003C8AC3 /* JYangTests.m in Sources */,
			);
			runOnlyForDeploymentPostprocessing = 0;
		};
		7512E5131C3F6696003C8AC3 /* Sources */ = {
			isa = PBXSourcesBuildPhase;
			buildActionMask = 2147483647;
			files = (
				7512E51C1C3F6696003C8AC3 /* JYangUITests.m in Sources */,
			);
			runOnlyForDeploymentPostprocessing = 0;
		};
/* End PBXSourcesBuildPhase section */

/* Begin PBXTargetDependency section */
		7512E50E1C3F6696003C8AC3 /* PBXTargetDependency */ = {
			isa = PBXTargetDependency;
			target = 7512E4F21C3F6696003C8AC3 /* JYang */;
			targetProxy = 7512E50D1C3F6696003C8AC3 /* PBXContainerItemProxy */;
		};
		7512E5191C3F6696003C8AC3 /* PBXTargetDependency */ = {
			isa = PBXTargetDependency;
			target = 7512E4F21C3F6696003C8AC3 /* JYang */;
			targetProxy = 7512E5181C3F6696003C8AC3 /* PBXContainerItemProxy */;
		};
/* End PBXTargetDependency section */

/* Begin PBXVariantGroup section */
		7512E4FF1C3F6696003C8AC3 /* Main.storyboard */ = {
			isa = PBXVariantGroup;
			children = (
				7512E5001C3F6696003C8AC3 /* Base */,
			);
			name = Main.storyboard;
			sourceTree = "<group>";
		};
		7512E5041C3F6696003C8AC3 /* LaunchScreen.storyboard */ = {
			isa = PBXVariantGroup;
			children = (
				7512E5051C3F6696003C8AC3 /* Base */,
			);
			name = LaunchScreen.storyboard;
			sourceTree = "<group>";
		};
/* End PBXVariantGroup section */

/* Begin XCBuildConfiguration section */
		7512E51E1C3F6696003C8AC3 /* Debug */ = {
			isa = XCBuildConfiguration;
			buildSettings = {
				ALWAYS_SEARCH_USER_PATHS = NO;
				CLANG_CXX_LANGUAGE_STANDARD = "gnu++0x";
				CLANG_CXX_LIBRARY = "libc++";
				CLANG_ENABLE_MODULES = YES;
				CLANG_ENABLE_OBJC_ARC = YES;
				CLANG_WARN_BOOL_CONVERSION = YES;
				CLANG_WARN_CONSTANT_CONVERSION = YES;
				CLANG_WARN_DIRECT_OBJC_ISA_USAGE = YES_ERROR;
				CLANG_WARN_EMPTY_BODY = YES;
				CLANG_WARN_ENUM_CONVERSION = YES;
				CLANG_WARN_INT_CONVERSION = YES;
				CLANG_WARN_OBJC_ROOT_CLASS = YES_ERROR;
				CLANG_WARN_UNREACHABLE_CODE = YES;
				CLANG_WARN__DUPLICATE_METHOD_MATCH = YES;
				"CODE_SIGN_IDENTITY[sdk=iphoneos*]" = "iPhone Developer";
				COPY_PHASE_STRIP = NO;
				DEBUG_INFORMATION_FORMAT = dwarf;
				ENABLE_STRICT_OBJC_MSGSEND = YES;
				ENABLE_TESTABILITY = YES;
				GCC_C_LANGUAGE_STANDARD = gnu99;
				GCC_DYNAMIC_NO_PIC = NO;
				GCC_NO_COMMON_BLOCKS = YES;
				GCC_OPTIMIZATION_LEVEL = 0;
				GCC_PREPROCESSOR_DEFINITIONS = (
					"DEBUG=1",
					"$(inherited)",
				);
				GCC_WARN_64_TO_32_BIT_CONVERSION = YES;
				GCC_WARN_ABOUT_RETURN_TYPE = YES_ERROR;
				GCC_WARN_UNDECLARED_SELECTOR = YES;
				GCC_WARN_UNINITIALIZED_AUTOS = YES_AGGRESSIVE;
				GCC_WARN_UNUSED_FUNCTION = YES;
				GCC_WARN_UNUSED_VARIABLE = YES;
				IPHONEOS_DEPLOYMENT_TARGET = 9.2;
				MTL_ENABLE_DEBUG_INFO = YES;
				ONLY_ACTIVE_ARCH = YES;
				SDKROOT = iphoneos;
				TARGETED_DEVICE_FAMILY = "1,2";
			};
			name = Debug;
		};
		7512E51F1C3F6696003C8AC3 /* Release */ = {
			isa = XCBuildConfiguration;
			buildSettings = {
				ALWAYS_SEARCH_USER_PATHS = NO;
				CLANG_CXX_LANGUAGE_STANDARD = "gnu++0x";
				CLANG_CXX_LIBRARY = "libc++";
				CLANG_ENABLE_MODULES = YES;
				CLANG_ENABLE_OBJC_ARC = YES;
				CLANG_WARN_BOOL_CONVERSION = YES;
				CLANG_WARN_CONSTANT_CONVERSION = YES;
				CLANG_WARN_DIRECT_OBJC_ISA_USAGE = YES_ERROR;
				CLANG_WARN_EMPTY_BODY = YES;
				CLANG_WARN_ENUM_CONVERSION = YES;
				CLANG_WARN_INT_CONVERSION = YES;
				CLANG_WARN_OBJC_ROOT_CLASS = YES_ERROR;
				CLANG_WARN_UNREACHABLE_CODE = YES;
				CLANG_WARN__DUPLICATE_METHOD_MATCH = YES;
				"CODE_SIGN_IDENTITY[sdk=iphoneos*]" = "iPhone Developer";
				COPY_PHASE_STRIP = NO;
				DEBUG_INFORMATION_FORMAT = "dwarf-with-dsym";
				ENABLE_NS_ASSERTIONS = NO;
				ENABLE_STRICT_OBJC_MSGSEND = YES;
				GCC_C_LANGUAGE_STANDARD = gnu99;
				GCC_NO_COMMON_BLOCKS = YES;
				GCC_WARN_64_TO_32_BIT_CONVERSION = YES;
				GCC_WARN_ABOUT_RETURN_TYPE = YES_ERROR;
				GCC_WARN_UNDECLARED_SELECTOR = YES;
				GCC_WARN_UNINITIALIZED_AUTOS = YES_AGGRESSIVE;
				GCC_WARN_UNUSED_FUNCTION = YES;
				GCC_WARN_UNUSED_VARIABLE = YES;
				IPHONEOS_DEPLOYMENT_TARGET = 9.2;
				MTL_ENABLE_DEBUG_INFO = NO;
				SDKROOT = iphoneos;
				TARGETED_DEVICE_FAMILY = "1,2";
				VALIDATE_PRODUCT = YES;
			};
			name = Release;
		};
		7512E5211C3F6696003C8AC3 /* Debug */ = {
			isa = XCBuildConfiguration;
			buildSettings = {
				ASSETCATALOG_COMPILER_APPICON_NAME = AppIcon;
				INFOPLIST_FILE = JYang/Info.plist;
				LD_RUNPATH_SEARCH_PATHS = "$(inherited) @executable_path/Frameworks";
				PRODUCT_BUNDLE_IDENTIFIER = com.app.JYang;
				PRODUCT_NAME = "$(TARGET_NAME)";
			};
			name = Debug;
		};
		7512E5221C3F6696003C8AC3 /* Release */ = {
			isa = XCBuildConfiguration;
			buildSettings = {
				ASSETCATALOG_COMPILER_APPICON_NAME = AppIcon;
				INFOPLIST_FILE = JYang/Info.plist;
				LD_RUNPATH_SEARCH_PATHS = "$(inherited) @executable_path/Frameworks";
				PRODUCT_BUNDLE_IDENTIFIER = com.app.JYang;
				PRODUCT_NAME = "$(TARGET_NAME)";
			};
			name = Release;
		};
		7512E5241C3F6696003C8AC3 /* Debug */ = {
			isa = XCBuildConfiguration;
			buildSettings = {
				BUNDLE_LOADER = "$(TEST_HOST)";
				INFOPLIST_FILE = JYangTests/Info.plist;
				LD_RUNPATH_SEARCH_PATHS = "$(inherited) @executable_path/Frameworks @loader_path/Frameworks";
				PRODUCT_BUNDLE_IDENTIFIER = com.app.JYangTests;
				PRODUCT_NAME = "$(TARGET_NAME)";
				TEST_HOST = "$(BUILT_PRODUCTS_DIR)/JYang.app/JYang";
			};
			name = Debug;
		};
		7512E5251C3F6696003C8AC3 /* Release */ = {
			isa = XCBuildConfiguration;
			buildSettings = {
				BUNDLE_LOADER = "$(TEST_HOST)";
				INFOPLIST_FILE = JYangTests/Info.plist;
				LD_RUNPATH_SEARCH_PATHS = "$(inherited) @executable_path/Frameworks @loader_path/Frameworks";
				PRODUCT_BUNDLE_IDENTIFIER = com.app.JYangTests;
				PRODUCT_NAME = "$(TARGET_NAME)";
				TEST_HOST = "$(BUILT_PRODUCTS_DIR)/JYang.app/JYang";
			};
			name = Release;
		};
		7512E5271C3F6696003C8AC3 /* Debug */ = {
			isa = XCBuildConfiguration;
			buildSettings = {
				INFOPLIST_FILE = JYangUITests/Info.plist;
				LD_RUNPATH_SEARCH_PATHS = "$(inherited) @executable_path/Frameworks @loader_path/Frameworks";
				PRODUCT_BUNDLE_IDENTIFIER = com.app.JYangUITests;
				PRODUCT_NAME = "$(TARGET_NAME)";
				TEST_TARGET_NAME = JYang;
				USES_XCTRUNNER = YES;
			};
			name = Debug;
		};
		7512E5281C3F6696003C8AC3 /* Release */ = {
			isa = XCBuildConfiguration;
			buildSettings = {
				INFOPLIST_FILE = JYangUITests/Info.plist;
				LD_RUNPATH_SEARCH_PATHS = "$(inherited) @executable_path/Frameworks @loader_path/Frameworks";
				PRODUCT_BUNDLE_IDENTIFIER = com.app.JYangUITests;
				PRODUCT_NAME = "$(TARGET_NAME)";
				TEST_TARGET_NAME = JYang;
				USES_XCTRUNNER = YES;
			};
			name = Release;
		};
/* End XCBuildConfiguration section */

/* Begin XCConfigurationList section */
		7512E4EE1C3F6696003C8AC3 /* Build configuration list for PBXProject "JYang" */ = {
			isa = XCConfigurationList;
			buildConfigurations = (
				7512E51E1C3F6696003C8AC3 /* Debug */,
				7512E51F1C3F6696003C8AC3 /* Release */,
			);
			defaultConfigurationIsVisible = 0;
			defaultConfigurationName = Release;
		};
		7512E5201C3F6696003C8AC3 /* Build configuration list for PBXNativeTarget "JYang" */ = {
			isa = XCConfigurationList;
			buildConfigurations = (
				7512E5211C3F6696003C8AC3 /* Debug */,
				7512E5221C3F6696003C8AC3 /* Release */,
			);
			defaultConfigurationIsVisible = 0;
		};
		7512E5231C3F6696003C8AC3 /* Build configuration list for PBXNativeTarget "JYangTests" */ = {
			isa = XCConfigurationList;
			buildConfigurations = (
				7512E5241C3F6696003C8AC3 /* Debug */,
				7512E5251C3F6696003C8AC3 /* Release */,
			);
			defaultConfigurationIsVisible = 0;
		};
		7512E5261C3F6696003C8AC3 /* Build configuration list for PBXNativeTarget "JYangUITests" */ = {
			isa = XCConfigurationList;
			buildConfigurations = (
				7512E5271C3F6696003C8AC3 /* Debug */,
				7512E5281C3F6696003C8AC3 /* Release */,
			);
			defaultConfigurationIsVisible = 0;
		};
/* End XCConfigurationList section */
	};
	rootObject = 7512E4EB1C3F6696003C8AC3 /* Project object */;
}
